{
  "name": "provibot",
  "version": "0.1.0",
  "lockfileVersion": 3,
  "requires": true,
  "packages": {
    "": {
      "name": "provibot",
      "version": "0.1.0",
      "dependencies": {
        "@alderinc/sdk": "0.1.5"
      }
    },
    "node_modules/@alderinc/sdk": {
      "version": "0.1.5",
      "resolved": "https://registry.npmjs.org/@alderinc/sdk/-/sdk-0.1.5.tgz",
      "integrity": "sha512-ugwdn9QLM+EPsvADGJL1PgV2iRaGPSxlx+1zMnRzGhZ87JAvlVqTesarKDM0Ojs79zxc9Aurb6+LS8ZU8H18rw==",
      "license": "MIT"
    }
  }
}
