{
  "name": "provibot",
  "version": "0.1.0",
  "lockfileVersion": 3,
  "requires": true,
  "packages": {
    "": {
      "name": "provibot",
      "version": "0.1.0",
      "dependencies": {
        "@alderinc/sdk": "0.1.4"
      }
    },
    "node_modules/@alderinc/sdk": {
      "version": "0.1.4",
      "resolved": "https://registry.npmjs.org/@alderinc/sdk/-/sdk-0.1.4.tgz",
      "integrity": "sha512-L3J5vmG+dPuiRvgo8onsiLxi92gfyM0FEdP/BKJfuipG1YOeiz1XB/SPolN14w6wdpQX0uyViMKfDJz+F2Oe1w==",
      "license": "MIT"
    }
  }
}
