{
  "name": "provibot",
  "version": "0.1.0",
  "lockfileVersion": 3,
  "requires": true,
  "packages": {
    "": {
      "name": "provibot",
      "version": "0.1.0",
      "dependencies": {
        "@alderinc/sdk": "0.1.0"
      }
    },
    "node_modules/@alderinc/sdk": {
      "version": "0.1.0",
      "resolved": "https://registry.npmjs.org/@alderinc/sdk/-/sdk-0.1.0.tgz",
      "integrity": "sha512-UX6GcZPSvBv8wPXm7M1GcPUKdbBOUGe41OGIcX8bzByHJxHaqQFYeizTmuRtFuwxxL9bb7ZwjtTG9oAt86JrOg==",
      "license": "MIT"
    }
  }
}
